
Microsoft Visual Studio Solution File, Format Version 12.00
# Visual Studio Version 17
VisualStudioVersion = 17.2.32519.379
MinimumVisualStudioVersion = 10.0.40219.1
Project("{FAE04EC0-301F-11D3-BF4B-00C04F79EFBC}") = "Object-Oriented-Programming-SD300-Assignment-Binit-Budwal", "Object-Oriented-Programming-SD300-Assignment-Binit-Budwal.csproj", "{DC6EB3B8-6007-4ECD-946E-03332E5E8AB8}"
EndProject
Global
	GlobalSection(SolutionConfigurationPlatforms) = preSolution
		Debug|Any CPU = Debug|Any CPU
		Release|Any CPU = Release|Any CPU
	EndGlobalSection
	GlobalSection(ProjectConfigurationPlatforms) = postSolution
		{DC6EB3B8-6007-4ECD-946E-03332E5E8AB8}.Debug|Any CPU.ActiveCfg = Debug|Any CPU
		{DC6EB3B8-6007-4ECD-946E-03332E5E8AB8}.Debug|Any CPU.Build.0 = Debug|Any CPU
		{DC6EB3B8-6007-4ECD-946E-03332E5E8AB8}.Release|Any CPU.ActiveCfg = Release|Any CPU
		{DC6EB3B8-6007-4ECD-946E-03332E5E8AB8}.Release|Any CPU.Build.0 = Release|Any CPU
	EndGlobalSection
	GlobalSection(SolutionProperties) = preSolution
		HideSolutionNode = FALSE
	EndGlobalSection
	GlobalSection(ExtensibilityGlobals) = postSolution
		SolutionGuid = {76DAD21E-F586-4A44-9786-06658EC679C1}
	EndGlobalSection
EndGlobal
